
Microsoft Visual Studio Solution File, Format Version 12.00
# Visual Studio Version 16
VisualStudioVersion = 16.0.29001.49
MinimumVisualStudioVersion = 10.0.40219.1
Project("{FAE04EC0-301F-11D3-BF4B-00C04F79EFBC}") = "CloudmersiveReceiptOCR", "CloudmersiveReceiptOCR.csproj", "{FBAA6150-0DF4-4405-84C9-49C13E438272}"
EndProject
Global
	GlobalSection(SolutionConfigurationPlatforms) = preSolution
		Debug|Any CPU = Debug|Any CPU
		Release|Any CPU = Release|Any CPU
	EndGlobalSection
	GlobalSection(ProjectConfigurationPlatforms) = postSolution
		{FBAA6150-0DF4-4405-84C9-49C13E438272}.Debug|Any CPU.ActiveCfg = Debug|Any CPU
		{FBAA6150-0DF4-4405-84C9-49C13E438272}.Debug|Any CPU.Build.0 = Debug|Any CPU
		{FBAA6150-0DF4-4405-84C9-49C13E438272}.Release|Any CPU.ActiveCfg = Release|Any CPU
		{FBAA6150-0DF4-4405-84C9-49C13E438272}.Release|Any CPU.Build.0 = Release|Any CPU
	EndGlobalSection
	GlobalSection(SolutionProperties) = preSolution
		HideSolutionNode = FALSE
	EndGlobalSection
	GlobalSection(ExtensibilityGlobals) = postSolution
		SolutionGuid = {E4F17CF3-9CD9-4A3C-A208-8258839BC65A}
	EndGlobalSection
EndGlobal
